{
  "originHash" : "b068af2980d95b467106eeb1c7a5f40a4cfa5914d791ac61f89ea2deb6e0ce22",
  "pins" : [
    {
      "identity" : "alamofire",
      "kind" : "remoteSourceControl",
      "location" : "https://github.com/Alamofire/Alamofire.git",
      "state" : {
        "revision" : "f455c2975872ccd2d9c81594c658af65716e9b9a",
        "version" : "5.9.1"
      }
    }
  ],
  "version" : 3
}
