{
  "originHash" : "440fac6c186c09bbbf6a75068a99f011c754df446c02b8752b134fcc2c1e3529",
  "pins" : [
    {
      "identity" : "alamofire",
      "kind" : "remoteSourceControl",
      "location" : "https://github.com/Alamofire/Alamofire.git",
      "state" : {
        "revision" : "f455c2975872ccd2d9c81594c658af65716e9b9a",
        "version" : "5.9.1"
      }
    }
  ],
  "version" : 3
}
